
Microsoft Visual Studio Solution File, Format Version 12.00
# Visual Studio Version 17
VisualStudioVersion = 17.1.32210.238
MinimumVisualStudioVersion = 10.0.40219.1
Project("{FAE04EC0-301F-11D3-BF4B-00C04F79EFBC}") = "Cab_Invoice_Generator", "Cab_Invoice_Generator.csproj", "{53C6C7B8-D7EC-4433-A38F-2FB5C9B21D0E}"
EndProject
<<<<<<< HEAD
Project("{FAE04EC0-301F-11D3-BF4B-00C04F79EFBC}") = "Cab_Invoice_Testing", "..\Cab_Invoice_Testing\Cab_Invoice_Testing.csproj", "{95856550-D7B4-44BB-91F5-F5C91B81DB37}"
=======
Project("{FAE04EC0-301F-11D3-BF4B-00C04F79EFBC}") = "Cab_Invoice_Testing", "..\Cab_Invoice_Testing\Cab_Invoice_Testing.csproj", "{1C5EAA5A-1985-42E9-BE72-7B5B1C7AE241}"
>>>>>>> UC5_PremiumRides
EndProject
Global
	GlobalSection(SolutionConfigurationPlatforms) = preSolution
		Debug|Any CPU = Debug|Any CPU
		Release|Any CPU = Release|Any CPU
	EndGlobalSection
	GlobalSection(ProjectConfigurationPlatforms) = postSolution
		{53C6C7B8-D7EC-4433-A38F-2FB5C9B21D0E}.Debug|Any CPU.ActiveCfg = Debug|Any CPU
		{53C6C7B8-D7EC-4433-A38F-2FB5C9B21D0E}.Debug|Any CPU.Build.0 = Debug|Any CPU
		{53C6C7B8-D7EC-4433-A38F-2FB5C9B21D0E}.Release|Any CPU.ActiveCfg = Release|Any CPU
		{53C6C7B8-D7EC-4433-A38F-2FB5C9B21D0E}.Release|Any CPU.Build.0 = Release|Any CPU
<<<<<<< HEAD
		{95856550-D7B4-44BB-91F5-F5C91B81DB37}.Debug|Any CPU.ActiveCfg = Debug|Any CPU
		{95856550-D7B4-44BB-91F5-F5C91B81DB37}.Debug|Any CPU.Build.0 = Debug|Any CPU
		{95856550-D7B4-44BB-91F5-F5C91B81DB37}.Release|Any CPU.ActiveCfg = Release|Any CPU
		{95856550-D7B4-44BB-91F5-F5C91B81DB37}.Release|Any CPU.Build.0 = Release|Any CPU
=======
		{1C5EAA5A-1985-42E9-BE72-7B5B1C7AE241}.Debug|Any CPU.ActiveCfg = Debug|Any CPU
		{1C5EAA5A-1985-42E9-BE72-7B5B1C7AE241}.Debug|Any CPU.Build.0 = Debug|Any CPU
		{1C5EAA5A-1985-42E9-BE72-7B5B1C7AE241}.Release|Any CPU.ActiveCfg = Release|Any CPU
		{1C5EAA5A-1985-42E9-BE72-7B5B1C7AE241}.Release|Any CPU.Build.0 = Release|Any CPU
>>>>>>> UC5_PremiumRides
	EndGlobalSection
	GlobalSection(SolutionProperties) = preSolution
		HideSolutionNode = FALSE
	EndGlobalSection
	GlobalSection(ExtensibilityGlobals) = postSolution
		SolutionGuid = {FC839BA4-468D-4ECC-B493-CBA45D8B88C9}
	EndGlobalSection
EndGlobal
